
Microsoft Visual Studio Solution File, Format Version 12.00
# Visual Studio Version 17
VisualStudioVersion = 17.10.35201.131
MinimumVisualStudioVersion = 10.0.40219.1
Project("{9A19103F-16F7-4668-BE54-9A1E7A4F7556}") = "FundingSouq.Assessment.Api", "FundingSouq.Assessment.Api\FundingSouq.Assessment.Api.csproj", "{CE42D64A-EE8F-47BE-8E81-44C380D6F3FB}"
EndProject
Project("{9A19103F-16F7-4668-BE54-9A1E7A4F7556}") = "FundingSouq.Assessment.Core", "FundingSouq.Assessment.Core\FundingSouq.Assessment.Core.csproj", "{CA6477AE-C4D6-454B-889C-245C12E265D1}"
EndProject
Project("{9A19103F-16F7-4668-BE54-9A1E7A4F7556}") = "FundingSouq.Assessment.Infrastructure", "FundingSouq.Assessment.Infrastructure\FundingSouq.Assessment.Infrastructure.csproj", "{95CF9A92-15E0-4DD5-832A-6FCF64559075}"
EndProject
Project("{9A19103F-16F7-4668-BE54-9A1E7A4F7556}") = "FundingSouq.Assessment.Application", "FundingSouq.Assessment.Application\FundingSouq.Assessment.Application.csproj", "{21BE9ED6-19CC-40C7-A689-6573E52ED500}"
EndProject
Project("{2150E333-8FDC-42A3-9474-1A3956D46DE8}") = "Solution Items", "Solution Items", "{E3E9BF55-A6BB-4163-BD7B-36E62A1DEADC}"
	ProjectSection(SolutionItems) = preProject
		docker-compose.yml = docker-compose.yml
	EndProjectSection
EndProject
Project("{FAE04EC0-301F-11D3-BF4B-00C04F79EFBC}") = "FundingSouq.Assessment.Tests", "FundingSouq.Assessment.Tests\FundingSouq.Assessment.Tests.csproj", "{CBCC9991-0603-4773-9104-98F52D0246D5}"
EndProject
Global
	GlobalSection(SolutionConfigurationPlatforms) = preSolution
		Debug|Any CPU = Debug|Any CPU
		Release|Any CPU = Release|Any CPU
	EndGlobalSection
	GlobalSection(ProjectConfigurationPlatforms) = postSolution
		{CE42D64A-EE8F-47BE-8E81-44C380D6F3FB}.Debug|Any CPU.ActiveCfg = Debug|Any CPU
		{CE42D64A-EE8F-47BE-8E81-44C380D6F3FB}.Debug|Any CPU.Build.0 = Debug|Any CPU
		{CE42D64A-EE8F-47BE-8E81-44C380D6F3FB}.Release|Any CPU.ActiveCfg = Release|Any CPU
		{CE42D64A-EE8F-47BE-8E81-44C380D6F3FB}.Release|Any CPU.Build.0 = Release|Any CPU
		{CA6477AE-C4D6-454B-889C-245C12E265D1}.Debug|Any CPU.ActiveCfg = Debug|Any CPU
		{CA6477AE-C4D6-454B-889C-245C12E265D1}.Debug|Any CPU.Build.0 = Debug|Any CPU
		{CA6477AE-C4D6-454B-889C-245C12E265D1}.Release|Any CPU.ActiveCfg = Release|Any CPU
		{CA6477AE-C4D6-454B-889C-245C12E265D1}.Release|Any CPU.Build.0 = Release|Any CPU
		{95CF9A92-15E0-4DD5-832A-6FCF64559075}.Debug|Any CPU.ActiveCfg = Debug|Any CPU
		{95CF9A92-15E0-4DD5-832A-6FCF64559075}.Debug|Any CPU.Build.0 = Debug|Any CPU
		{95CF9A92-15E0-4DD5-832A-6FCF64559075}.Release|Any CPU.ActiveCfg = Release|Any CPU
		{95CF9A92-15E0-4DD5-832A-6FCF64559075}.Release|Any CPU.Build.0 = Release|Any CPU
		{21BE9ED6-19CC-40C7-A689-6573E52ED500}.Debug|Any CPU.ActiveCfg = Debug|Any CPU
		{21BE9ED6-19CC-40C7-A689-6573E52ED500}.Debug|Any CPU.Build.0 = Debug|Any CPU
		{21BE9ED6-19CC-40C7-A689-6573E52ED500}.Release|Any CPU.ActiveCfg = Release|Any CPU
		{21BE9ED6-19CC-40C7-A689-6573E52ED500}.Release|Any CPU.Build.0 = Release|Any CPU
		{CBCC9991-0603-4773-9104-98F52D0246D5}.Debug|Any CPU.ActiveCfg = Debug|Any CPU
		{CBCC9991-0603-4773-9104-98F52D0246D5}.Debug|Any CPU.Build.0 = Debug|Any CPU
		{CBCC9991-0603-4773-9104-98F52D0246D5}.Release|Any CPU.ActiveCfg = Release|Any CPU
		{CBCC9991-0603-4773-9104-98F52D0246D5}.Release|Any CPU.Build.0 = Release|Any CPU
	EndGlobalSection
	GlobalSection(SolutionProperties) = preSolution
		HideSolutionNode = FALSE
	EndGlobalSection
	GlobalSection(ExtensibilityGlobals) = postSolution
		SolutionGuid = {F0FBF7AC-68D7-4D60-B259-7D6A4EDC02BC}
	EndGlobalSection
EndGlobal
